
Microsoft Visual Studio Solution File, Format Version 12.00
# Visual Studio Version 16
VisualStudioVersion = 16.0.30413.136
MinimumVisualStudioVersion = 10.0.40219.1
Project("{888888A0-9F3D-457C-B088-3A5042F75D52}") = "vigotsinganna", "vigotsinganna.pyproj", "{682C93D0-402D-40A3-B059-8702E337D4BF}"
EndProject
Global
	GlobalSection(SolutionConfigurationPlatforms) = preSolution
		Debug|Any CPU = Debug|Any CPU
		Release|Any CPU = Release|Any CPU
	EndGlobalSection
	GlobalSection(ProjectConfigurationPlatforms) = postSolution
		{682C93D0-402D-40A3-B059-8702E337D4BF}.Debug|Any CPU.ActiveCfg = Debug|Any CPU
		{682C93D0-402D-40A3-B059-8702E337D4BF}.Release|Any CPU.ActiveCfg = Release|Any CPU
	EndGlobalSection
	GlobalSection(SolutionProperties) = preSolution
		HideSolutionNode = FALSE
	EndGlobalSection
	GlobalSection(ExtensibilityGlobals) = postSolution
		SolutionGuid = {3CF01655-3ECE-4780-B2C0-82EEA4765FC5}
	EndGlobalSection
EndGlobal
